// !$*UTF8*$!
{
	archiveVersion = 1;
	classes = {
	};
	objectVersion = 55;
	objects = {

/* Begin PBXBuildFile section */
		3221A3F2294A0C04004C4254 /* Reducer.swift in Sources */ = {isa = PBXBuildFile; fileRef = 3221A3F1294A0C04004C4254 /* Reducer.swift */; };
		3223243E286B1043002FC01C /* Scenes.TokenSale.Store.swift in Sources */ = {isa = PBXBuildFile; fileRef = 3223243D286B1043002FC01C /* Scenes.TokenSale.Store.swift */; };
		32232440286BDC77002FC01C /* Store.swift in Sources */ = {isa = PBXBuildFile; fileRef = 3223243F286BDC77002FC01C /* Store.swift */; };
		32286B6428642F4900712CB5 /* MainView.swift in Sources */ = {isa = PBXBuildFile; fileRef = 32286B6328642F4900712CB5 /* MainView.swift */; };
		3245A77F28582BCB001F8820 /* Scenes.TokenSale.Views.swift in Sources */ = {isa = PBXBuildFile; fileRef = 3245A77E28582BCB001F8820 /* Scenes.TokenSale.Views.swift */; };
		3245A78128582C6C001F8820 /* Scenes.TokenSale.ViewModel.swift in Sources */ = {isa = PBXBuildFile; fileRef = 3245A78028582C6C001F8820 /* Scenes.TokenSale.ViewModel.swift */; };
		32984AA3285C26A300E4A3DF /* Scenes.swift in Sources */ = {isa = PBXBuildFile; fileRef = 32984AA2285C26A300E4A3DF /* Scenes.swift */; };
		32984AA5285C274900E4A3DF /* Scenes.Login.swift in Sources */ = {isa = PBXBuildFile; fileRef = 32984AA4285C274900E4A3DF /* Scenes.Login.swift */; };
		32984AA7285C27E600E4A3DF /* Scenes.TokenSale.swift in Sources */ = {isa = PBXBuildFile; fileRef = 32984AA6285C27E600E4A3DF /* Scenes.TokenSale.swift */; };
		32984AA9285C2F0800E4A3DF /* Scenes.Login.Store.swift in Sources */ = {isa = PBXBuildFile; fileRef = 32984AA8285C2F0800E4A3DF /* Scenes.Login.Store.swift */; };
		32A1B2FE2857082D00FBFA8F /* ERC20Token.swift in Sources */ = {isa = PBXBuildFile; fileRef = 32A1B2FD2857082D00FBFA8F /* ERC20Token.swift */; };
		32A1B3002857084200FBFA8F /* Wallet.swift in Sources */ = {isa = PBXBuildFile; fileRef = 32A1B2FF2857084200FBFA8F /* Wallet.swift */; };
		32A1B3052857094B00FBFA8F /* CubTokenCrowdSale.swift in Sources */ = {isa = PBXBuildFile; fileRef = 32A1B3042857094B00FBFA8F /* CubTokenCrowdSale.swift */; };
		32B4D16A2856D255006799D6 /* Scenes.Login.ViewModel.swift in Sources */ = {isa = PBXBuildFile; fileRef = 32B4D1692856D255006799D6 /* Scenes.Login.ViewModel.swift */; };
		32B4D16E2856D373006799D6 /* Web3.Manager.swift in Sources */ = {isa = PBXBuildFile; fileRef = 32B4D16D2856D373006799D6 /* Web3.Manager.swift */; };
		32B4D1712856DAE8006799D6 /* web3swift in Frameworks */ = {isa = PBXBuildFile; productRef = 32B4D1702856DAE8006799D6 /* web3swift */; };
		32DEE5AD29489634005A4F8D /* ActivityIndicator.swift in Sources */ = {isa = PBXBuildFile; fileRef = 32DEE5AC29489634005A4F8D /* ActivityIndicator.swift */; };
		32E8D8E828504A670083D517 /* CublaxSmartContractApp.swift in Sources */ = {isa = PBXBuildFile; fileRef = 32E8D8E728504A670083D517 /* CublaxSmartContractApp.swift */; };
		32E8D8EC28504A680083D517 /* Assets.xcassets in Resources */ = {isa = PBXBuildFile; fileRef = 32E8D8EB28504A680083D517 /* Assets.xcassets */; };
		32E8D8EF28504A680083D517 /* Preview Assets.xcassets in Resources */ = {isa = PBXBuildFile; fileRef = 32E8D8EE28504A680083D517 /* Preview Assets.xcassets */; };
		32E8D8F7285053210083D517 /* Scenes.Login.Views.swift in Sources */ = {isa = PBXBuildFile; fileRef = 32E8D8F6285053210083D517 /* Scenes.Login.Views.swift */; };
		32EA8A252879950600707C82 /* Web3.Error.swift in Sources */ = {isa = PBXBuildFile; fileRef = 32EA8A242879950600707C82 /* Web3.Error.swift */; };
/* End PBXBuildFile section */

/* Begin PBXFileReference section */
		3221A3F1294A0C04004C4254 /* Reducer.swift */ = {isa = PBXFileReference; lastKnownFileType = sourcecode.swift; path = Reducer.swift; sourceTree = "<group>"; };
		3223243D286B1043002FC01C /* Scenes.TokenSale.Store.swift */ = {isa = PBXFileReference; lastKnownFileType = sourcecode.swift; path = Scenes.TokenSale.Store.swift; sourceTree = "<group>"; };
		3223243F286BDC77002FC01C /* Store.swift */ = {isa = PBXFileReference; lastKnownFileType = sourcecode.swift; path = Store.swift; sourceTree = "<group>"; };
		32286B6328642F4900712CB5 /* MainView.swift */ = {isa = PBXFileReference; lastKnownFileType = sourcecode.swift; path = MainView.swift; sourceTree = "<group>"; };
		3245A77E28582BCB001F8820 /* Scenes.TokenSale.Views.swift */ = {isa = PBXFileReference; lastKnownFileType = sourcecode.swift; path = Scenes.TokenSale.Views.swift; sourceTree = "<group>"; };
		3245A78028582C6C001F8820 /* Scenes.TokenSale.ViewModel.swift */ = {isa = PBXFileReference; lastKnownFileType = sourcecode.swift; path = Scenes.TokenSale.ViewModel.swift; sourceTree = "<group>"; };
		32984AA2285C26A300E4A3DF /* Scenes.swift */ = {isa = PBXFileReference; lastKnownFileType = sourcecode.swift; path = Scenes.swift; sourceTree = "<group>"; };
		32984AA4285C274900E4A3DF /* Scenes.Login.swift */ = {isa = PBXFileReference; lastKnownFileType = sourcecode.swift; path = Scenes.Login.swift; sourceTree = "<group>"; };
		32984AA6285C27E600E4A3DF /* Scenes.TokenSale.swift */ = {isa = PBXFileReference; lastKnownFileType = sourcecode.swift; path = Scenes.TokenSale.swift; sourceTree = "<group>"; };
		32984AA8285C2F0800E4A3DF /* Scenes.Login.Store.swift */ = {isa = PBXFileReference; lastKnownFileType = sourcecode.swift; path = Scenes.Login.Store.swift; sourceTree = "<group>"; };
		32A1B2FD2857082D00FBFA8F /* ERC20Token.swift */ = {isa = PBXFileReference; lastKnownFileType = sourcecode.swift; path = ERC20Token.swift; sourceTree = "<group>"; };
		32A1B2FF2857084200FBFA8F /* Wallet.swift */ = {isa = PBXFileReference; lastKnownFileType = sourcecode.swift; path = Wallet.swift; sourceTree = "<group>"; };
		32A1B3042857094B00FBFA8F /* CubTokenCrowdSale.swift */ = {isa = PBXFileReference; lastKnownFileType = sourcecode.swift; path = CubTokenCrowdSale.swift; sourceTree = "<group>"; };
		32B4D1692856D255006799D6 /* Scenes.Login.ViewModel.swift */ = {isa = PBXFileReference; lastKnownFileType = sourcecode.swift; path = Scenes.Login.ViewModel.swift; sourceTree = "<group>"; };
		32B4D16D2856D373006799D6 /* Web3.Manager.swift */ = {isa = PBXFileReference; lastKnownFileType = sourcecode.swift; path = Web3.Manager.swift; sourceTree = "<group>"; };
		32DEE5AC29489634005A4F8D /* ActivityIndicator.swift */ = {isa = PBXFileReference; lastKnownFileType = sourcecode.swift; path = ActivityIndicator.swift; sourceTree = "<group>"; };
		32E8D8E428504A670083D517 /* CublaxSmartContract.app */ = {isa = PBXFileReference; explicitFileType = wrapper.application; includeInIndex = 0; path = CublaxSmartContract.app; sourceTree = BUILT_PRODUCTS_DIR; };
		32E8D8E728504A670083D517 /* CublaxSmartContractApp.swift */ = {isa = PBXFileReference; lastKnownFileType = sourcecode.swift; path = CublaxSmartContractApp.swift; sourceTree = "<group>"; };
		32E8D8EB28504A680083D517 /* Assets.xcassets */ = {isa = PBXFileReference; lastKnownFileType = folder.assetcatalog; path = Assets.xcassets; sourceTree = "<group>"; };
		32E8D8EE28504A680083D517 /* Preview Assets.xcassets */ = {isa = PBXFileReference; lastKnownFileType = folder.assetcatalog; path = "Preview Assets.xcassets"; sourceTree = "<group>"; };
		32E8D8F6285053210083D517 /* Scenes.Login.Views.swift */ = {isa = PBXFileReference; lastKnownFileType = sourcecode.swift; path = Scenes.Login.Views.swift; sourceTree = "<group>"; };
		32EA8A242879950600707C82 /* Web3.Error.swift */ = {isa = PBXFileReference; lastKnownFileType = sourcecode.swift; path = Web3.Error.swift; sourceTree = "<group>"; };
/* End PBXFileReference section */

/* Begin PBXFrameworksBuildPhase section */
		32E8D8E128504A670083D517 /* Frameworks */ = {
			isa = PBXFrameworksBuildPhase;
			buildActionMask = 2147483647;
			files = (
				32B4D1712856DAE8006799D6 /* web3swift in Frameworks */,
			);
			runOnlyForDeploymentPostprocessing = 0;
		};
/* End PBXFrameworksBuildPhase section */

/* Begin PBXGroup section */
		3221A3F0294A0BDE004C4254 /* Store */ = {
			isa = PBXGroup;
			children = (
				3223243F286BDC77002FC01C /* Store.swift */,
				3221A3F1294A0C04004C4254 /* Reducer.swift */,
			);
			path = Store;
			sourceTree = "<group>";
		};
		32286B6228642F1F00712CB5 /* Main */ = {
			isa = PBXGroup;
			children = (
				32286B6328642F4900712CB5 /* MainView.swift */,
			);
			path = Main;
			sourceTree = "<group>";
		};
		3245A77D28582B98001F8820 /* TokenSale */ = {
			isa = PBXGroup;
			children = (
				32984AA6285C27E600E4A3DF /* Scenes.TokenSale.swift */,
				3223243D286B1043002FC01C /* Scenes.TokenSale.Store.swift */,
				3245A78028582C6C001F8820 /* Scenes.TokenSale.ViewModel.swift */,
				3245A77E28582BCB001F8820 /* Scenes.TokenSale.Views.swift */,
			);
			path = TokenSale;
			sourceTree = "<group>";
		};
		32A1B2FC2857081200FBFA8F /* Model */ = {
			isa = PBXGroup;
			children = (
				32A1B2FD2857082D00FBFA8F /* ERC20Token.swift */,
				32A1B2FF2857084200FBFA8F /* Wallet.swift */,
			);
			path = Model;
			sourceTree = "<group>";
		};
		32A1B3032857091500FBFA8F /* ABI */ = {
			isa = PBXGroup;
			children = (
				32A1B3042857094B00FBFA8F /* CubTokenCrowdSale.swift */,
			);
			path = ABI;
			sourceTree = "<group>";
		};
		32B4D16B2856D259006799D6 /* Login */ = {
			isa = PBXGroup;
			children = (
				32984AA4285C274900E4A3DF /* Scenes.Login.swift */,
				32984AA8285C2F0800E4A3DF /* Scenes.Login.Store.swift */,
				32B4D1692856D255006799D6 /* Scenes.Login.ViewModel.swift */,
				32E8D8F6285053210083D517 /* Scenes.Login.Views.swift */,
			);
			path = Login;
			sourceTree = "<group>";
		};
		32B4D16C2856D33D006799D6 /* web3 */ = {
			isa = PBXGroup;
			children = (
				32B4D16D2856D373006799D6 /* Web3.Manager.swift */,
				32EA8A242879950600707C82 /* Web3.Error.swift */,
			);
			path = web3;
			sourceTree = "<group>";
		};
		32DEE5AB29489614005A4F8D /* Styles */ = {
			isa = PBXGroup;
			children = (
				32DEE5AC29489634005A4F8D /* ActivityIndicator.swift */,
			);
			path = Styles;
			sourceTree = "<group>";
		};
		32E8D8DB28504A670083D517 = {
			isa = PBXGroup;
			children = (
				32E8D8E628504A670083D517 /* CublaxSmartContract */,
				32E8D8E528504A670083D517 /* Products */,
			);
			sourceTree = "<group>";
		};
		32E8D8E528504A670083D517 /* Products */ = {
			isa = PBXGroup;
			children = (
				32E8D8E428504A670083D517 /* CublaxSmartContract.app */,
			);
			name = Products;
			sourceTree = "<group>";
		};
		32E8D8E628504A670083D517 /* CublaxSmartContract */ = {
			isa = PBXGroup;
			children = (
				32E8D8E728504A670083D517 /* CublaxSmartContractApp.swift */,
				32A1B3032857091500FBFA8F /* ABI */,
				32A1B2FC2857081200FBFA8F /* Model */,
				32E8D8F52850530D0083D517 /* Scenes */,
				3221A3F0294A0BDE004C4254 /* Store */,
				32DEE5AB29489614005A4F8D /* Styles */,
				32B4D16C2856D33D006799D6 /* web3 */,
				32E8D8EB28504A680083D517 /* Assets.xcassets */,
				32E8D8ED28504A680083D517 /* Preview Content */,
			);
			path = CublaxSmartContract;
			sourceTree = "<group>";
		};
		32E8D8ED28504A680083D517 /* Preview Content */ = {
			isa = PBXGroup;
			children = (
				32E8D8EE28504A680083D517 /* Preview Assets.xcassets */,
			);
			path = "Preview Content";
			sourceTree = "<group>";
		};
		32E8D8F52850530D0083D517 /* Scenes */ = {
			isa = PBXGroup;
			children = (
				32984AA2285C26A300E4A3DF /* Scenes.swift */,
				32286B6228642F1F00712CB5 /* Main */,
				3245A77D28582B98001F8820 /* TokenSale */,
				32B4D16B2856D259006799D6 /* Login */,
			);
			path = Scenes;
			sourceTree = "<group>";
		};
/* End PBXGroup section */

/* Begin PBXNativeTarget section */
		32E8D8E328504A670083D517 /* CublaxSmartContract */ = {
			isa = PBXNativeTarget;
			buildConfigurationList = 32E8D8F228504A680083D517 /* Build configuration list for PBXNativeTarget "CublaxSmartContract" */;
			buildPhases = (
				32E8D8E028504A670083D517 /* Sources */,
				32E8D8E128504A670083D517 /* Frameworks */,
				32E8D8E228504A670083D517 /* Resources */,
			);
			buildRules = (
			);
			dependencies = (
			);
			name = CublaxSmartContract;
			packageProductDependencies = (
				32B4D1702856DAE8006799D6 /* web3swift */,
			);
			productName = CublaxSmartContract;
			productReference = 32E8D8E428504A670083D517 /* CublaxSmartContract.app */;
			productType = "com.apple.product-type.application";
		};
/* End PBXNativeTarget section */

/* Begin PBXProject section */
		32E8D8DC28504A670083D517 /* Project object */ = {
			isa = PBXProject;
			attributes = {
				BuildIndependentTargetsInParallel = 1;
				LastSwiftUpdateCheck = 1340;
				LastUpgradeCheck = 1340;
				TargetAttributes = {
					32E8D8E328504A670083D517 = {
						CreatedOnToolsVersion = 13.4.1;
					};
				};
			};
			buildConfigurationList = 32E8D8DF28504A670083D517 /* Build configuration list for PBXProject "CublaxSmartContract" */;
			compatibilityVersion = "Xcode 13.0";
			developmentRegion = en;
			hasScannedForEncodings = 0;
			knownRegions = (
				en,
				Base,
			);
			mainGroup = 32E8D8DB28504A670083D517;
			packageReferences = (
				32B4D16F2856DAE7006799D6 /* XCRemoteSwiftPackageReference "web3swift" */,
			);
			productRefGroup = 32E8D8E528504A670083D517 /* Products */;
			projectDirPath = "";
			projectRoot = "";
			targets = (
				32E8D8E328504A670083D517 /* CublaxSmartContract */,
			);
		};
/* End PBXProject section */

/* Begin PBXResourcesBuildPhase section */
		32E8D8E228504A670083D517 /* Resources */ = {
			isa = PBXResourcesBuildPhase;
			buildActionMask = 2147483647;
			files = (
				32E8D8EF28504A680083D517 /* Preview Assets.xcassets in Resources */,
				32E8D8EC28504A680083D517 /* Assets.xcassets in Resources */,
			);
			runOnlyForDeploymentPostprocessing = 0;
		};
/* End PBXResourcesBuildPhase section */

/* Begin PBXSourcesBuildPhase section */
		32E8D8E028504A670083D517 /* Sources */ = {
			isa = PBXSourcesBuildPhase;
			buildActionMask = 2147483647;
			files = (
				32A1B3002857084200FBFA8F /* Wallet.swift in Sources */,
				32E8D8F7285053210083D517 /* Scenes.Login.Views.swift in Sources */,
				3245A78128582C6C001F8820 /* Scenes.TokenSale.ViewModel.swift in Sources */,
				32232440286BDC77002FC01C /* Store.swift in Sources */,
				3221A3F2294A0C04004C4254 /* Reducer.swift in Sources */,
				32A1B2FE2857082D00FBFA8F /* ERC20Token.swift in Sources */,
				32B4D16E2856D373006799D6 /* Web3.Manager.swift in Sources */,
				32984AA5285C274900E4A3DF /* Scenes.Login.swift in Sources */,
				32286B6428642F4900712CB5 /* MainView.swift in Sources */,
				32984AA7285C27E600E4A3DF /* Scenes.TokenSale.swift in Sources */,
				32B4D16A2856D255006799D6 /* Scenes.Login.ViewModel.swift in Sources */,
				32984AA3285C26A300E4A3DF /* Scenes.swift in Sources */,
				32A1B3052857094B00FBFA8F /* CubTokenCrowdSale.swift in Sources */,
				32E8D8E828504A670083D517 /* CublaxSmartContractApp.swift in Sources */,
				32984AA9285C2F0800E4A3DF /* Scenes.Login.Store.swift in Sources */,
				3245A77F28582BCB001F8820 /* Scenes.TokenSale.Views.swift in Sources */,
				3223243E286B1043002FC01C /* Scenes.TokenSale.Store.swift in Sources */,
				32DEE5AD29489634005A4F8D /* ActivityIndicator.swift in Sources */,
				32EA8A252879950600707C82 /* Web3.Error.swift in Sources */,
			);
			runOnlyForDeploymentPostprocessing = 0;
		};
/* End PBXSourcesBuildPhase section */

/* Begin XCBuildConfiguration section */
		32E8D8F028504A680083D517 /* Debug */ = {
			isa = XCBuildConfiguration;
			buildSettings = {
				ALWAYS_SEARCH_USER_PATHS = NO;
				CLANG_ANALYZER_NONNULL = YES;
				CLANG_ANALYZER_NUMBER_OBJECT_CONVERSION = YES_AGGRESSIVE;
				CLANG_CXX_LANGUAGE_STANDARD = "gnu++17";
				CLANG_ENABLE_MODULES = YES;
				CLANG_ENABLE_OBJC_ARC = YES;
				CLANG_ENABLE_OBJC_WEAK = YES;
				CLANG_WARN_BLOCK_CAPTURE_AUTORELEASING = YES;
				CLANG_WARN_BOOL_CONVERSION = YES;
				CLANG_WARN_COMMA = YES;
				CLANG_WARN_CONSTANT_CONVERSION = YES;
				CLANG_WARN_DEPRECATED_OBJC_IMPLEMENTATIONS = YES;
				CLANG_WARN_DIRECT_OBJC_ISA_USAGE = YES_ERROR;
				CLANG_WARN_DOCUMENTATION_COMMENTS = YES;
				CLANG_WARN_EMPTY_BODY = YES;
				CLANG_WARN_ENUM_CONVERSION = YES;
				CLANG_WARN_INFINITE_RECURSION = YES;
				CLANG_WARN_INT_CONVERSION = YES;
				CLANG_WARN_NON_LITERAL_NULL_CONVERSION = YES;
				CLANG_WARN_OBJC_IMPLICIT_RETAIN_SELF = YES;
				CLANG_WARN_OBJC_LITERAL_CONVERSION = YES;
				CLANG_WARN_OBJC_ROOT_CLASS = YES_ERROR;
				CLANG_WARN_QUOTED_INCLUDE_IN_FRAMEWORK_HEADER = YES;
				CLANG_WARN_RANGE_LOOP_ANALYSIS = YES;
				CLANG_WARN_STRICT_PROTOTYPES = YES;
				CLANG_WARN_SUSPICIOUS_MOVE = YES;
				CLANG_WARN_UNGUARDED_AVAILABILITY = YES_AGGRESSIVE;
				CLANG_WARN_UNREACHABLE_CODE = YES;
				CLANG_WARN__DUPLICATE_METHOD_MATCH = YES;
				COPY_PHASE_STRIP = NO;
				DEBUG_INFORMATION_FORMAT = dwarf;
				ENABLE_STRICT_OBJC_MSGSEND = YES;
				ENABLE_TESTABILITY = YES;
				GCC_C_LANGUAGE_STANDARD = gnu11;
				GCC_DYNAMIC_NO_PIC = NO;
				GCC_NO_COMMON_BLOCKS = YES;
				GCC_OPTIMIZATION_LEVEL = 0;
				GCC_PREPROCESSOR_DEFINITIONS = (
					"DEBUG=1",
					"$(inherited)",
				);
				GCC_WARN_64_TO_32_BIT_CONVERSION = YES;
				GCC_WARN_ABOUT_RETURN_TYPE = YES_ERROR;
				GCC_WARN_UNDECLARED_SELECTOR = YES;
				GCC_WARN_UNINITIALIZED_AUTOS = YES_AGGRESSIVE;
				GCC_WARN_UNUSED_FUNCTION = YES;
				GCC_WARN_UNUSED_VARIABLE = YES;
				IPHONEOS_DEPLOYMENT_TARGET = 15.5;
				MTL_ENABLE_DEBUG_INFO = INCLUDE_SOURCE;
				MTL_FAST_MATH = YES;
				ONLY_ACTIVE_ARCH = YES;
				SDKROOT = iphoneos;
				SWIFT_ACTIVE_COMPILATION_CONDITIONS = DEBUG;
				SWIFT_OPTIMIZATION_LEVEL = "-Onone";
			};
			name = Debug;
		};
		32E8D8F128504A680083D517 /* Release */ = {
			isa = XCBuildConfiguration;
			buildSettings = {
				ALWAYS_SEARCH_USER_PATHS = NO;
				CLANG_ANALYZER_NONNULL = YES;
				CLANG_ANALYZER_NUMBER_OBJECT_CONVERSION = YES_AGGRESSIVE;
				CLANG_CXX_LANGUAGE_STANDARD = "gnu++17";
				CLANG_ENABLE_MODULES = YES;
				CLANG_ENABLE_OBJC_ARC = YES;
				CLANG_ENABLE_OBJC_WEAK = YES;
				CLANG_WARN_BLOCK_CAPTURE_AUTORELEASING = YES;
				CLANG_WARN_BOOL_CONVERSION = YES;
				CLANG_WARN_COMMA = YES;
				CLANG_WARN_CONSTANT_CONVERSION = YES;
				CLANG_WARN_DEPRECATED_OBJC_IMPLEMENTATIONS = YES;
				CLANG_WARN_DIRECT_OBJC_ISA_USAGE = YES_ERROR;
				CLANG_WARN_DOCUMENTATION_COMMENTS = YES;
				CLANG_WARN_EMPTY_BODY = YES;
				CLANG_WARN_ENUM_CONVERSION = YES;
				CLANG_WARN_INFINITE_RECURSION = YES;
				CLANG_WARN_INT_CONVERSION = YES;
				CLANG_WARN_NON_LITERAL_NULL_CONVERSION = YES;
				CLANG_WARN_OBJC_IMPLICIT_RETAIN_SELF = YES;
				CLANG_WARN_OBJC_LITERAL_CONVERSION = YES;
				CLANG_WARN_OBJC_ROOT_CLASS = YES_ERROR;
				CLANG_WARN_QUOTED_INCLUDE_IN_FRAMEWORK_HEADER = YES;
				CLANG_WARN_RANGE_LOOP_ANALYSIS = YES;
				CLANG_WARN_STRICT_PROTOTYPES = YES;
				CLANG_WARN_SUSPICIOUS_MOVE = YES;
				CLANG_WARN_UNGUARDED_AVAILABILITY = YES_AGGRESSIVE;
				CLANG_WARN_UNREACHABLE_CODE = YES;
				CLANG_WARN__DUPLICATE_METHOD_MATCH = YES;
				COPY_PHASE_STRIP = NO;
				DEBUG_INFORMATION_FORMAT = "dwarf-with-dsym";
				ENABLE_NS_ASSERTIONS = NO;
				ENABLE_STRICT_OBJC_MSGSEND = YES;
				GCC_C_LANGUAGE_STANDARD = gnu11;
				GCC_NO_COMMON_BLOCKS = YES;
				GCC_WARN_64_TO_32_BIT_CONVERSION = YES;
				GCC_WARN_ABOUT_RETURN_TYPE = YES_ERROR;
				GCC_WARN_UNDECLARED_SELECTOR = YES;
				GCC_WARN_UNINITIALIZED_AUTOS = YES_AGGRESSIVE;
				GCC_WARN_UNUSED_FUNCTION = YES;
				GCC_WARN_UNUSED_VARIABLE = YES;
				IPHONEOS_DEPLOYMENT_TARGET = 15.5;
				MTL_ENABLE_DEBUG_INFO = NO;
				MTL_FAST_MATH = YES;
				SDKROOT = iphoneos;
				SWIFT_COMPILATION_MODE = wholemodule;
				SWIFT_OPTIMIZATION_LEVEL = "-O";
				VALIDATE_PRODUCT = YES;
			};
			name = Release;
		};
		32E8D8F328504A680083D517 /* Debug */ = {
			isa = XCBuildConfiguration;
			buildSettings = {
				ASSETCATALOG_COMPILER_APPICON_NAME = AppIcon;
				ASSETCATALOG_COMPILER_GLOBAL_ACCENT_COLOR_NAME = AccentColor;
				CODE_SIGN_STYLE = Automatic;
				CURRENT_PROJECT_VERSION = 1;
				DEVELOPMENT_ASSET_PATHS = "\"CublaxSmartContract/Preview Content\"";
				DEVELOPMENT_TEAM = B3ZXCXJK7A;
				ENABLE_PREVIEWS = YES;
				GENERATE_INFOPLIST_FILE = YES;
				INFOPLIST_KEY_UIApplicationSceneManifest_Generation = YES;
				INFOPLIST_KEY_UIApplicationSupportsIndirectInputEvents = YES;
				INFOPLIST_KEY_UILaunchScreen_Generation = YES;
				INFOPLIST_KEY_UISupportedInterfaceOrientations_iPad = "UIInterfaceOrientationPortrait UIInterfaceOrientationPortraitUpsideDown UIInterfaceOrientationLandscapeLeft UIInterfaceOrientationLandscapeRight";
				INFOPLIST_KEY_UISupportedInterfaceOrientations_iPhone = "UIInterfaceOrientationPortrait UIInterfaceOrientationLandscapeLeft UIInterfaceOrientationLandscapeRight";
				IPHONEOS_DEPLOYMENT_TARGET = 15.5;
				LD_RUNPATH_SEARCH_PATHS = (
					"$(inherited)",
					"@executable_path/Frameworks",
				);
				MARKETING_VERSION = 1.0;
				PRODUCT_BUNDLE_IDENTIFIER = Cublax.CublaxSmartContract;
				PRODUCT_NAME = "$(TARGET_NAME)";
				SWIFT_EMIT_LOC_STRINGS = YES;
				SWIFT_VERSION = 5.0;
				TARGETED_DEVICE_FAMILY = "1,2";
			};
			name = Debug;
		};
		32E8D8F428504A680083D517 /* Release */ = {
			isa = XCBuildConfiguration;
			buildSettings = {
				ASSETCATALOG_COMPILER_APPICON_NAME = AppIcon;
				ASSETCATALOG_COMPILER_GLOBAL_ACCENT_COLOR_NAME = AccentColor;
				CODE_SIGN_STYLE = Automatic;
				CURRENT_PROJECT_VERSION = 1;
				DEVELOPMENT_ASSET_PATHS = "\"CublaxSmartContract/Preview Content\"";
				DEVELOPMENT_TEAM = B3ZXCXJK7A;
				ENABLE_PREVIEWS = YES;
				GENERATE_INFOPLIST_FILE = YES;
				INFOPLIST_KEY_UIApplicationSceneManifest_Generation = YES;
				INFOPLIST_KEY_UIApplicationSupportsIndirectInputEvents = YES;
				INFOPLIST_KEY_UILaunchScreen_Generation = YES;
				INFOPLIST_KEY_UISupportedInterfaceOrientations_iPad = "UIInterfaceOrientationPortrait UIInterfaceOrientationPortraitUpsideDown UIInterfaceOrientationLandscapeLeft UIInterfaceOrientationLandscapeRight";
				INFOPLIST_KEY_UISupportedInterfaceOrientations_iPhone = "UIInterfaceOrientationPortrait UIInterfaceOrientationLandscapeLeft UIInterfaceOrientationLandscapeRight";
				IPHONEOS_DEPLOYMENT_TARGET = 15.5;
				LD_RUNPATH_SEARCH_PATHS = (
					"$(inherited)",
					"@executable_path/Frameworks",
				);
				MARKETING_VERSION = 1.0;
				PRODUCT_BUNDLE_IDENTIFIER = Cublax.CublaxSmartContract;
				PRODUCT_NAME = "$(TARGET_NAME)";
				SWIFT_EMIT_LOC_STRINGS = YES;
				SWIFT_VERSION = 5.0;
				TARGETED_DEVICE_FAMILY = "1,2";
			};
			name = Release;
		};
/* End XCBuildConfiguration section */

/* Begin XCConfigurationList section */
		32E8D8DF28504A670083D517 /* Build configuration list for PBXProject "CublaxSmartContract" */ = {
			isa = XCConfigurationList;
			buildConfigurations = (
				32E8D8F028504A680083D517 /* Debug */,
				32E8D8F128504A680083D517 /* Release */,
			);
			defaultConfigurationIsVisible = 0;
			defaultConfigurationName = Release;
		};
		32E8D8F228504A680083D517 /* Build configuration list for PBXNativeTarget "CublaxSmartContract" */ = {
			isa = XCConfigurationList;
			buildConfigurations = (
				32E8D8F328504A680083D517 /* Debug */,
				32E8D8F428504A680083D517 /* Release */,
			);
			defaultConfigurationIsVisible = 0;
			defaultConfigurationName = Release;
		};
/* End XCConfigurationList section */

/* Begin XCRemoteSwiftPackageReference section */
		32B4D16F2856DAE7006799D6 /* XCRemoteSwiftPackageReference "web3swift" */ = {
			isa = XCRemoteSwiftPackageReference;
			repositoryURL = "https://github.com/skywinder/web3swift";
			requirement = {
				branch = develop;
				kind = branch;
			};
		};
/* End XCRemoteSwiftPackageReference section */

/* Begin XCSwiftPackageProductDependency section */
		32B4D1702856DAE8006799D6 /* web3swift */ = {
			isa = XCSwiftPackageProductDependency;
			package = 32B4D16F2856DAE7006799D6 /* XCRemoteSwiftPackageReference "web3swift" */;
			productName = web3swift;
		};
/* End XCSwiftPackageProductDependency section */
	};
	rootObject = 32E8D8DC28504A670083D517 /* Project object */;
}
