// !$*UTF8*$!
{
	archiveVersion = 1;
	classes = {
	};
	objectVersion = 55;
	objects = {

/* Begin PBXBuildFile section */
		32B4D16A2856D255006799D6 /* LoginScene.ViewModel.swift in Sources */ = {isa = PBXBuildFile; fileRef = 32B4D1692856D255006799D6 /* LoginScene.ViewModel.swift */; };
		32B4D16E2856D373006799D6 /* web3Manager.swift in Sources */ = {isa = PBXBuildFile; fileRef = 32B4D16D2856D373006799D6 /* web3Manager.swift */; };
		32B4D1712856DAE8006799D6 /* web3swift in Frameworks */ = {isa = PBXBuildFile; productRef = 32B4D1702856DAE8006799D6 /* web3swift */; };
		32E8D8E828504A670083D517 /* CublaxSmartContractApp.swift in Sources */ = {isa = PBXBuildFile; fileRef = 32E8D8E728504A670083D517 /* CublaxSmartContractApp.swift */; };
		32E8D8EA28504A670083D517 /* ContentView.swift in Sources */ = {isa = PBXBuildFile; fileRef = 32E8D8E928504A670083D517 /* ContentView.swift */; };
		32E8D8EC28504A680083D517 /* Assets.xcassets in Resources */ = {isa = PBXBuildFile; fileRef = 32E8D8EB28504A680083D517 /* Assets.xcassets */; };
		32E8D8EF28504A680083D517 /* Preview Assets.xcassets in Resources */ = {isa = PBXBuildFile; fileRef = 32E8D8EE28504A680083D517 /* Preview Assets.xcassets */; };
		32E8D8F7285053210083D517 /* LoginScene.swift in Sources */ = {isa = PBXBuildFile; fileRef = 32E8D8F6285053210083D517 /* LoginScene.swift */; };
/* End PBXBuildFile section */

/* Begin PBXFileReference section */
		32B4D1692856D255006799D6 /* LoginScene.ViewModel.swift */ = {isa = PBXFileReference; lastKnownFileType = sourcecode.swift; path = LoginScene.ViewModel.swift; sourceTree = "<group>"; };
		32B4D16D2856D373006799D6 /* web3Manager.swift */ = {isa = PBXFileReference; lastKnownFileType = sourcecode.swift; path = web3Manager.swift; sourceTree = "<group>"; };
		32E8D8E428504A670083D517 /* CublaxSmartContract.app */ = {isa = PBXFileReference; explicitFileType = wrapper.application; includeInIndex = 0; path = CublaxSmartContract.app; sourceTree = BUILT_PRODUCTS_DIR; };
		32E8D8E728504A670083D517 /* CublaxSmartContractApp.swift */ = {isa = PBXFileReference; lastKnownFileType = sourcecode.swift; path = CublaxSmartContractApp.swift; sourceTree = "<group>"; };
		32E8D8E928504A670083D517 /* ContentView.swift */ = {isa = PBXFileReference; lastKnownFileType = sourcecode.swift; path = ContentView.swift; sourceTree = "<group>"; };
		32E8D8EB28504A680083D517 /* Assets.xcassets */ = {isa = PBXFileReference; lastKnownFileType = folder.assetcatalog; path = Assets.xcassets; sourceTree = "<group>"; };
		32E8D8EE28504A680083D517 /* Preview Assets.xcassets */ = {isa = PBXFileReference; lastKnownFileType = folder.assetcatalog; path = "Preview Assets.xcassets"; sourceTree = "<group>"; };
		32E8D8F6285053210083D517 /* LoginScene.swift */ = {isa = PBXFileReference; lastKnownFileType = sourcecode.swift; path = LoginScene.swift; sourceTree = "<group>"; };
/* End PBXFileReference section */

/* Begin PBXFrameworksBuildPhase section */
		32E8D8E128504A670083D517 /* Frameworks */ = {
			isa = PBXFrameworksBuildPhase;
			buildActionMask = 2147483647;
			files = (
				32B4D1712856DAE8006799D6 /* web3swift in Frameworks */,
			);
			runOnlyForDeploymentPostprocessing = 0;
		};
/* End PBXFrameworksBuildPhase section */

/* Begin PBXGroup section */
		32B4D16B2856D259006799D6 /* login */ = {
			isa = PBXGroup;
			children = (
				32B4D1692856D255006799D6 /* LoginScene.ViewModel.swift */,
				32E8D8F6285053210083D517 /* LoginScene.swift */,
			);
			path = login;
			sourceTree = "<group>";
		};
		32B4D16C2856D33D006799D6 /* web3 */ = {
			isa = PBXGroup;
			children = (
				32B4D16D2856D373006799D6 /* web3Manager.swift */,
			);
			path = web3;
			sourceTree = "<group>";
		};
		32E8D8DB28504A670083D517 = {
			isa = PBXGroup;
			children = (
				32E8D8E628504A670083D517 /* CublaxSmartContract */,
				32E8D8E528504A670083D517 /* Products */,
			);
			sourceTree = "<group>";
		};
		32E8D8E528504A670083D517 /* Products */ = {
			isa = PBXGroup;
			children = (
				32E8D8E428504A670083D517 /* CublaxSmartContract.app */,
			);
			name = Products;
			sourceTree = "<group>";
		};
		32E8D8E628504A670083D517 /* CublaxSmartContract */ = {
			isa = PBXGroup;
			children = (
				32E8D8E728504A670083D517 /* CublaxSmartContractApp.swift */,
				32E8D8E928504A670083D517 /* ContentView.swift */,
				32E8D8F52850530D0083D517 /* scenes */,
				32B4D16C2856D33D006799D6 /* web3 */,
				32E8D8EB28504A680083D517 /* Assets.xcassets */,
				32E8D8ED28504A680083D517 /* Preview Content */,
			);
			path = CublaxSmartContract;
			sourceTree = "<group>";
		};
		32E8D8ED28504A680083D517 /* Preview Content */ = {
			isa = PBXGroup;
			children = (
				32E8D8EE28504A680083D517 /* Preview Assets.xcassets */,
			);
			path = "Preview Content";
			sourceTree = "<group>";
		};
		32E8D8F52850530D0083D517 /* scenes */ = {
			isa = PBXGroup;
			children = (
				32B4D16B2856D259006799D6 /* login */,
			);
			path = scenes;
			sourceTree = "<group>";
		};
/* End PBXGroup section */

/* Begin PBXNativeTarget section */
		32E8D8E328504A670083D517 /* CublaxSmartContract */ = {
			isa = PBXNativeTarget;
			buildConfigurationList = 32E8D8F228504A680083D517 /* Build configuration list for PBXNativeTarget "CublaxSmartContract" */;
			buildPhases = (
				32E8D8E028504A670083D517 /* Sources */,
				32E8D8E128504A670083D517 /* Frameworks */,
				32E8D8E228504A670083D517 /* Resources */,
			);
			buildRules = (
			);
			dependencies = (
			);
			name = CublaxSmartContract;
			packageProductDependencies = (
				32B4D1702856DAE8006799D6 /* web3swift */,
			);
			productName = CublaxSmartContract;
			productReference = 32E8D8E428504A670083D517 /* CublaxSmartContract.app */;
			productType = "com.apple.product-type.application";
		};
/* End PBXNativeTarget section */

/* Begin PBXProject section */
		32E8D8DC28504A670083D517 /* Project object */ = {
			isa = PBXProject;
			attributes = {
				BuildIndependentTargetsInParallel = 1;
				LastSwiftUpdateCheck = 1340;
				LastUpgradeCheck = 1340;
				TargetAttributes = {
					32E8D8E328504A670083D517 = {
						CreatedOnToolsVersion = 13.4.1;
					};
				};
			};
			buildConfigurationList = 32E8D8DF28504A670083D517 /* Build configuration list for PBXProject "CublaxSmartContract" */;
			compatibilityVersion = "Xcode 13.0";
			developmentRegion = en;
			hasScannedForEncodings = 0;
			knownRegions = (
				en,
				Base,
			);
			mainGroup = 32E8D8DB28504A670083D517;
			packageReferences = (
				32B4D16F2856DAE7006799D6 /* XCRemoteSwiftPackageReference "web3swift" */,
			);
			productRefGroup = 32E8D8E528504A670083D517 /* Products */;
			projectDirPath = "";
			projectRoot = "";
			targets = (
				32E8D8E328504A670083D517 /* CublaxSmartContract */,
			);
		};
/* End PBXProject section */

/* Begin PBXResourcesBuildPhase section */
		32E8D8E228504A670083D517 /* Resources */ = {
			isa = PBXResourcesBuildPhase;
			buildActionMask = 2147483647;
			files = (
				32E8D8EF28504A680083D517 /* Preview Assets.xcassets in Resources */,
				32E8D8EC28504A680083D517 /* Assets.xcassets in Resources */,
			);
			runOnlyForDeploymentPostprocessing = 0;
		};
/* End PBXResourcesBuildPhase section */

/* Begin PBXSourcesBuildPhase section */
		32E8D8E028504A670083D517 /* Sources */ = {
			isa = PBXSourcesBuildPhase;
			buildActionMask = 2147483647;
			files = (
				32E8D8EA28504A670083D517 /* ContentView.swift in Sources */,
				32E8D8F7285053210083D517 /* LoginScene.swift in Sources */,
				32B4D16E2856D373006799D6 /* web3Manager.swift in Sources */,
				32B4D16A2856D255006799D6 /* LoginScene.ViewModel.swift in Sources */,
				32E8D8E828504A670083D517 /* CublaxSmartContractApp.swift in Sources */,
			);
			runOnlyForDeploymentPostprocessing = 0;
		};
/* End PBXSourcesBuildPhase section */

/* Begin XCBuildConfiguration section */
		32E8D8F028504A680083D517 /* Debug */ = {
			isa = XCBuildConfiguration;
			buildSettings = {
				ALWAYS_SEARCH_USER_PATHS = NO;
				CLANG_ANALYZER_NONNULL = YES;
				CLANG_ANALYZER_NUMBER_OBJECT_CONVERSION = YES_AGGRESSIVE;
				CLANG_CXX_LANGUAGE_STANDARD = "gnu++17";
				CLANG_ENABLE_MODULES = YES;
				CLANG_ENABLE_OBJC_ARC = YES;
				CLANG_ENABLE_OBJC_WEAK = YES;
				CLANG_WARN_BLOCK_CAPTURE_AUTORELEASING = YES;
				CLANG_WARN_BOOL_CONVERSION = YES;
				CLANG_WARN_COMMA = YES;
				CLANG_WARN_CONSTANT_CONVERSION = YES;
				CLANG_WARN_DEPRECATED_OBJC_IMPLEMENTATIONS = YES;
				CLANG_WARN_DIRECT_OBJC_ISA_USAGE = YES_ERROR;
				CLANG_WARN_DOCUMENTATION_COMMENTS = YES;
				CLANG_WARN_EMPTY_BODY = YES;
				CLANG_WARN_ENUM_CONVERSION = YES;
				CLANG_WARN_INFINITE_RECURSION = YES;
				CLANG_WARN_INT_CONVERSION = YES;
				CLANG_WARN_NON_LITERAL_NULL_CONVERSION = YES;
				CLANG_WARN_OBJC_IMPLICIT_RETAIN_SELF = YES;
				CLANG_WARN_OBJC_LITERAL_CONVERSION = YES;
				CLANG_WARN_OBJC_ROOT_CLASS = YES_ERROR;
				CLANG_WARN_QUOTED_INCLUDE_IN_FRAMEWORK_HEADER = YES;
				CLANG_WARN_RANGE_LOOP_ANALYSIS = YES;
				CLANG_WARN_STRICT_PROTOTYPES = YES;
				CLANG_WARN_SUSPICIOUS_MOVE = YES;
				CLANG_WARN_UNGUARDED_AVAILABILITY = YES_AGGRESSIVE;
				CLANG_WARN_UNREACHABLE_CODE = YES;
				CLANG_WARN__DUPLICATE_METHOD_MATCH = YES;
				COPY_PHASE_STRIP = NO;
				DEBUG_INFORMATION_FORMAT = dwarf;
				ENABLE_STRICT_OBJC_MSGSEND = YES;
				ENABLE_TESTABILITY = YES;
				GCC_C_LANGUAGE_STANDARD = gnu11;
				GCC_DYNAMIC_NO_PIC = NO;
				GCC_NO_COMMON_BLOCKS = YES;
				GCC_OPTIMIZATION_LEVEL = 0;
				GCC_PREPROCESSOR_DEFINITIONS = (
					"DEBUG=1",
					"$(inherited)",
				);
				GCC_WARN_64_TO_32_BIT_CONVERSION = YES;
				GCC_WARN_ABOUT_RETURN_TYPE = YES_ERROR;
				GCC_WARN_UNDECLARED_SELECTOR = YES;
				GCC_WARN_UNINITIALIZED_AUTOS = YES_AGGRESSIVE;
				GCC_WARN_UNUSED_FUNCTION = YES;
				GCC_WARN_UNUSED_VARIABLE = YES;
				IPHONEOS_DEPLOYMENT_TARGET = 15.5;
				MTL_ENABLE_DEBUG_INFO = INCLUDE_SOURCE;
				MTL_FAST_MATH = YES;
				ONLY_ACTIVE_ARCH = YES;
				SDKROOT = iphoneos;
				SWIFT_ACTIVE_COMPILATION_CONDITIONS = DEBUG;
				SWIFT_OPTIMIZATION_LEVEL = "-Onone";
			};
			name = Debug;
		};
		32E8D8F128504A680083D517 /* Release */ = {
			isa = XCBuildConfiguration;
			buildSettings = {
				ALWAYS_SEARCH_USER_PATHS = NO;
				CLANG_ANALYZER_NONNULL = YES;
				CLANG_ANALYZER_NUMBER_OBJECT_CONVERSION = YES_AGGRESSIVE;
				CLANG_CXX_LANGUAGE_STANDARD = "gnu++17";
				CLANG_ENABLE_MODULES = YES;
				CLANG_ENABLE_OBJC_ARC = YES;
				CLANG_ENABLE_OBJC_WEAK = YES;
				CLANG_WARN_BLOCK_CAPTURE_AUTORELEASING = YES;
				CLANG_WARN_BOOL_CONVERSION = YES;
				CLANG_WARN_COMMA = YES;
				CLANG_WARN_CONSTANT_CONVERSION = YES;
				CLANG_WARN_DEPRECATED_OBJC_IMPLEMENTATIONS = YES;
				CLANG_WARN_DIRECT_OBJC_ISA_USAGE = YES_ERROR;
				CLANG_WARN_DOCUMENTATION_COMMENTS = YES;
				CLANG_WARN_EMPTY_BODY = YES;
				CLANG_WARN_ENUM_CONVERSION = YES;
				CLANG_WARN_INFINITE_RECURSION = YES;
				CLANG_WARN_INT_CONVERSION = YES;
				CLANG_WARN_NON_LITERAL_NULL_CONVERSION = YES;
				CLANG_WARN_OBJC_IMPLICIT_RETAIN_SELF = YES;
				CLANG_WARN_OBJC_LITERAL_CONVERSION = YES;
				CLANG_WARN_OBJC_ROOT_CLASS = YES_ERROR;
				CLANG_WARN_QUOTED_INCLUDE_IN_FRAMEWORK_HEADER = YES;
				CLANG_WARN_RANGE_LOOP_ANALYSIS = YES;
				CLANG_WARN_STRICT_PROTOTYPES = YES;
				CLANG_WARN_SUSPICIOUS_MOVE = YES;
				CLANG_WARN_UNGUARDED_AVAILABILITY = YES_AGGRESSIVE;
				CLANG_WARN_UNREACHABLE_CODE = YES;
				CLANG_WARN__DUPLICATE_METHOD_MATCH = YES;
				COPY_PHASE_STRIP = NO;
				DEBUG_INFORMATION_FORMAT = "dwarf-with-dsym";
				ENABLE_NS_ASSERTIONS = NO;
				ENABLE_STRICT_OBJC_MSGSEND = YES;
				GCC_C_LANGUAGE_STANDARD = gnu11;
				GCC_NO_COMMON_BLOCKS = YES;
				GCC_WARN_64_TO_32_BIT_CONVERSION = YES;
				GCC_WARN_ABOUT_RETURN_TYPE = YES_ERROR;
				GCC_WARN_UNDECLARED_SELECTOR = YES;
				GCC_WARN_UNINITIALIZED_AUTOS = YES_AGGRESSIVE;
				GCC_WARN_UNUSED_FUNCTION = YES;
				GCC_WARN_UNUSED_VARIABLE = YES;
				IPHONEOS_DEPLOYMENT_TARGET = 15.5;
				MTL_ENABLE_DEBUG_INFO = NO;
				MTL_FAST_MATH = YES;
				SDKROOT = iphoneos;
				SWIFT_COMPILATION_MODE = wholemodule;
				SWIFT_OPTIMIZATION_LEVEL = "-O";
				VALIDATE_PRODUCT = YES;
			};
			name = Release;
		};
		32E8D8F328504A680083D517 /* Debug */ = {
			isa = XCBuildConfiguration;
			buildSettings = {
				ASSETCATALOG_COMPILER_APPICON_NAME = AppIcon;
				ASSETCATALOG_COMPILER_GLOBAL_ACCENT_COLOR_NAME = AccentColor;
				CODE_SIGN_STYLE = Automatic;
				CURRENT_PROJECT_VERSION = 1;
				DEVELOPMENT_ASSET_PATHS = "\"CublaxSmartContract/Preview Content\"";
				DEVELOPMENT_TEAM = B3ZXCXJK7A;
				ENABLE_PREVIEWS = YES;
				GENERATE_INFOPLIST_FILE = YES;
				INFOPLIST_KEY_UIApplicationSceneManifest_Generation = YES;
				INFOPLIST_KEY_UIApplicationSupportsIndirectInputEvents = YES;
				INFOPLIST_KEY_UILaunchScreen_Generation = YES;
				INFOPLIST_KEY_UISupportedInterfaceOrientations_iPad = "UIInterfaceOrientationPortrait UIInterfaceOrientationPortraitUpsideDown UIInterfaceOrientationLandscapeLeft UIInterfaceOrientationLandscapeRight";
				INFOPLIST_KEY_UISupportedInterfaceOrientations_iPhone = "UIInterfaceOrientationPortrait UIInterfaceOrientationLandscapeLeft UIInterfaceOrientationLandscapeRight";
				IPHONEOS_DEPLOYMENT_TARGET = 15.5;
				LD_RUNPATH_SEARCH_PATHS = (
					"$(inherited)",
					"@executable_path/Frameworks",
				);
				MARKETING_VERSION = 1.0;
				PRODUCT_BUNDLE_IDENTIFIER = Cublax.CublaxSmartContract;
				PRODUCT_NAME = "$(TARGET_NAME)";
				SWIFT_EMIT_LOC_STRINGS = YES;
				SWIFT_VERSION = 5.0;
				TARGETED_DEVICE_FAMILY = "1,2";
			};
			name = Debug;
		};
		32E8D8F428504A680083D517 /* Release */ = {
			isa = XCBuildConfiguration;
			buildSettings = {
				ASSETCATALOG_COMPILER_APPICON_NAME = AppIcon;
				ASSETCATALOG_COMPILER_GLOBAL_ACCENT_COLOR_NAME = AccentColor;
				CODE_SIGN_STYLE = Automatic;
				CURRENT_PROJECT_VERSION = 1;
				DEVELOPMENT_ASSET_PATHS = "\"CublaxSmartContract/Preview Content\"";
				DEVELOPMENT_TEAM = B3ZXCXJK7A;
				ENABLE_PREVIEWS = YES;
				GENERATE_INFOPLIST_FILE = YES;
				INFOPLIST_KEY_UIApplicationSceneManifest_Generation = YES;
				INFOPLIST_KEY_UIApplicationSupportsIndirectInputEvents = YES;
				INFOPLIST_KEY_UILaunchScreen_Generation = YES;
				INFOPLIST_KEY_UISupportedInterfaceOrientations_iPad = "UIInterfaceOrientationPortrait UIInterfaceOrientationPortraitUpsideDown UIInterfaceOrientationLandscapeLeft UIInterfaceOrientationLandscapeRight";
				INFOPLIST_KEY_UISupportedInterfaceOrientations_iPhone = "UIInterfaceOrientationPortrait UIInterfaceOrientationLandscapeLeft UIInterfaceOrientationLandscapeRight";
				IPHONEOS_DEPLOYMENT_TARGET = 15.5;
				LD_RUNPATH_SEARCH_PATHS = (
					"$(inherited)",
					"@executable_path/Frameworks",
				);
				MARKETING_VERSION = 1.0;
				PRODUCT_BUNDLE_IDENTIFIER = Cublax.CublaxSmartContract;
				PRODUCT_NAME = "$(TARGET_NAME)";
				SWIFT_EMIT_LOC_STRINGS = YES;
				SWIFT_VERSION = 5.0;
				TARGETED_DEVICE_FAMILY = "1,2";
			};
			name = Release;
		};
/* End XCBuildConfiguration section */

/* Begin XCConfigurationList section */
		32E8D8DF28504A670083D517 /* Build configuration list for PBXProject "CublaxSmartContract" */ = {
			isa = XCConfigurationList;
			buildConfigurations = (
				32E8D8F028504A680083D517 /* Debug */,
				32E8D8F128504A680083D517 /* Release */,
			);
			defaultConfigurationIsVisible = 0;
			defaultConfigurationName = Release;
		};
		32E8D8F228504A680083D517 /* Build configuration list for PBXNativeTarget "CublaxSmartContract" */ = {
			isa = XCConfigurationList;
			buildConfigurations = (
				32E8D8F328504A680083D517 /* Debug */,
				32E8D8F428504A680083D517 /* Release */,
			);
			defaultConfigurationIsVisible = 0;
			defaultConfigurationName = Release;
		};
/* End XCConfigurationList section */

/* Begin XCRemoteSwiftPackageReference section */
		32B4D16F2856DAE7006799D6 /* XCRemoteSwiftPackageReference "web3swift" */ = {
			isa = XCRemoteSwiftPackageReference;
			repositoryURL = "https://github.com/skywinder/web3swift";
			requirement = {
				branch = develop;
				kind = branch;
			};
		};
/* End XCRemoteSwiftPackageReference section */

/* Begin XCSwiftPackageProductDependency section */
		32B4D1702856DAE8006799D6 /* web3swift */ = {
			isa = XCSwiftPackageProductDependency;
			package = 32B4D16F2856DAE7006799D6 /* XCRemoteSwiftPackageReference "web3swift" */;
			productName = web3swift;
		};
/* End XCSwiftPackageProductDependency section */
	};
	rootObject = 32E8D8DC28504A670083D517 /* Project object */;
}
